
Microsoft Visual Studio Solution File, Format Version 12.00
# Visual Studio Version 16
VisualStudioVersion = 16.0.29519.181
MinimumVisualStudioVersion = 10.0.40219.1
Project("{FAE04EC0-301F-11D3-BF4B-00C04F79EFBC}") = "UdemyRabbitMQ.Publisher", "UdemyRabbitMQ.Publisher\UdemyRabbitMQ.Publisher.csproj", "{BD166774-AC11-4410-9382-63C663CA25E0}"
EndProject
Project("{FAE04EC0-301F-11D3-BF4B-00C04F79EFBC}") = "UdemyRabbitMQ.Consumer", "UdemyRabbitMQ.Consumer\UdemyRabbitMQ.Consumer.csproj", "{701153DB-04CF-4E70-9754-984BEC1FFC42}"
EndProject
Global
	GlobalSection(SolutionConfigurationPlatforms) = preSolution
		Debug|Any CPU = Debug|Any CPU
		Release|Any CPU = Release|Any CPU
	EndGlobalSection
	GlobalSection(ProjectConfigurationPlatforms) = postSolution
		{BD166774-AC11-4410-9382-63C663CA25E0}.Debug|Any CPU.ActiveCfg = Debug|Any CPU
		{BD166774-AC11-4410-9382-63C663CA25E0}.Debug|Any CPU.Build.0 = Debug|Any CPU
		{BD166774-AC11-4410-9382-63C663CA25E0}.Release|Any CPU.ActiveCfg = Release|Any CPU
		{BD166774-AC11-4410-9382-63C663CA25E0}.Release|Any CPU.Build.0 = Release|Any CPU
		{701153DB-04CF-4E70-9754-984BEC1FFC42}.Debug|Any CPU.ActiveCfg = Debug|Any CPU
		{701153DB-04CF-4E70-9754-984BEC1FFC42}.Debug|Any CPU.Build.0 = Debug|Any CPU
		{701153DB-04CF-4E70-9754-984BEC1FFC42}.Release|Any CPU.ActiveCfg = Release|Any CPU
		{701153DB-04CF-4E70-9754-984BEC1FFC42}.Release|Any CPU.Build.0 = Release|Any CPU
	EndGlobalSection
	GlobalSection(SolutionProperties) = preSolution
		HideSolutionNode = FALSE
	EndGlobalSection
	GlobalSection(ExtensibilityGlobals) = postSolution
		SolutionGuid = {918507D8-6766-45C3-82F7-B24992011A83}
	EndGlobalSection
EndGlobal
